
Microsoft Visual Studio Solution File, Format Version 12.00
# Visual Studio Version 17
VisualStudioVersion = 17.3.32929.385
MinimumVisualStudioVersion = 10.0.40219.1
Project("{FAE04EC0-301F-11D3-BF4B-00C04F79EFBC}") = "CityInfo.API", "CityInfo.API\CityInfo.API.csproj", "{2C1D58F0-72AB-4BA4-9943-F0239F94679F}"
EndProject
Global
	GlobalSection(SolutionConfigurationPlatforms) = preSolution
		Debug|Any CPU = Debug|Any CPU
		Release|Any CPU = Release|Any CPU
	EndGlobalSection
	GlobalSection(ProjectConfigurationPlatforms) = postSolution
		{2C1D58F0-72AB-4BA4-9943-F0239F94679F}.Debug|Any CPU.ActiveCfg = Debug|Any CPU
		{2C1D58F0-72AB-4BA4-9943-F0239F94679F}.Debug|Any CPU.Build.0 = Debug|Any CPU
		{2C1D58F0-72AB-4BA4-9943-F0239F94679F}.Release|Any CPU.ActiveCfg = Release|Any CPU
		{2C1D58F0-72AB-4BA4-9943-F0239F94679F}.Release|Any CPU.Build.0 = Release|Any CPU
	EndGlobalSection
	GlobalSection(SolutionProperties) = preSolution
		HideSolutionNode = FALSE
	EndGlobalSection
	GlobalSection(ExtensibilityGlobals) = postSolution
		SolutionGuid = {6F86FF76-B698-4E8E-953C-AEA2A64A55FC}
	EndGlobalSection
EndGlobal
